
Microsoft Visual Studio Solution File, Format Version 12.00
# Visual Studio Version 16
VisualStudioVersion = 16.0.31911.196
MinimumVisualStudioVersion = 10.0.40219.1
Project("{9A19103F-16F7-4668-BE54-9A1E7A4F7556}") = "proxy", "proxy\proxy.csproj", "{D625EEEB-24A4-4174-822A-CA784C9CD0B2}"
EndProject
Project("{FAE04EC0-301F-11D3-BF4B-00C04F79EFBC}") = "proxy-net", "proxy-net\proxy-net.csproj", "{BB2DCA82-04B4-49A8-A0C9-8B3E517E1D5D}"
EndProject
Global
	GlobalSection(SolutionConfigurationPlatforms) = preSolution
		Debug|Any CPU = Debug|Any CPU
		Release|Any CPU = Release|Any CPU
	EndGlobalSection
	GlobalSection(ProjectConfigurationPlatforms) = postSolution
		{D625EEEB-24A4-4174-822A-CA784C9CD0B2}.Debug|Any CPU.ActiveCfg = Debug|Any CPU
		{D625EEEB-24A4-4174-822A-CA784C9CD0B2}.Debug|Any CPU.Build.0 = Debug|Any CPU
		{D625EEEB-24A4-4174-822A-CA784C9CD0B2}.Release|Any CPU.ActiveCfg = Release|Any CPU
		{D625EEEB-24A4-4174-822A-CA784C9CD0B2}.Release|Any CPU.Build.0 = Release|Any CPU
		{BB2DCA82-04B4-49A8-A0C9-8B3E517E1D5D}.Debug|Any CPU.ActiveCfg = Debug|Any CPU
		{BB2DCA82-04B4-49A8-A0C9-8B3E517E1D5D}.Debug|Any CPU.Build.0 = Debug|Any CPU
		{BB2DCA82-04B4-49A8-A0C9-8B3E517E1D5D}.Release|Any CPU.ActiveCfg = Release|Any CPU
		{BB2DCA82-04B4-49A8-A0C9-8B3E517E1D5D}.Release|Any CPU.Build.0 = Release|Any CPU
	EndGlobalSection
	GlobalSection(SolutionProperties) = preSolution
		HideSolutionNode = FALSE
	EndGlobalSection
	GlobalSection(ExtensibilityGlobals) = postSolution
		SolutionGuid = {EBA86507-2B9A-4AA5-BD35-50C0F3D9DB3F}
	EndGlobalSection
EndGlobal
